
Microsoft Visual Studio Solution File, Format Version 12.00
# Visual Studio Version 17
VisualStudioVersion = 17.14.36414.22 d17.14
MinimumVisualStudioVersion = 10.0.40219.1
Project("{FAE04EC0-301F-11D3-BF4B-00C04F79EFBC}") = "ApiBase2025", "ApiBase2025\ApiBase2025.csproj", "{0F556BE6-DC96-41AA-8265-B858D4233227}"
EndProject
Global
	GlobalSection(SolutionConfigurationPlatforms) = preSolution
		Debug|Any CPU = Debug|Any CPU
		Release|Any CPU = Release|Any CPU
	EndGlobalSection
	GlobalSection(ProjectConfigurationPlatforms) = postSolution
		{0F556BE6-DC96-41AA-8265-B858D4233227}.Debug|Any CPU.ActiveCfg = Debug|Any CPU
		{0F556BE6-DC96-41AA-8265-B858D4233227}.Debug|Any CPU.Build.0 = Debug|Any CPU
		{0F556BE6-DC96-41AA-8265-B858D4233227}.Debug|Any CPU.Deploy.0 = Debug|Any CPU
		{0F556BE6-DC96-41AA-8265-B858D4233227}.Release|Any CPU.ActiveCfg = Release|Any CPU
		{0F556BE6-DC96-41AA-8265-B858D4233227}.Release|Any CPU.Build.0 = Release|Any CPU
		{0F556BE6-DC96-41AA-8265-B858D4233227}.Release|Any CPU.Deploy.0 = Release|Any CPU
	EndGlobalSection
	GlobalSection(SolutionProperties) = preSolution
		HideSolutionNode = FALSE
	EndGlobalSection
	GlobalSection(ExtensibilityGlobals) = postSolution
		SolutionGuid = {C0FDA0EC-4132-4BB8-AAB2-339456016A19}
	EndGlobalSection
EndGlobal
